
Microsoft Visual Studio Solution File, Format Version 12.00
# Visual Studio 15
VisualStudioVersion = 15.0.27428.2011
MinimumVisualStudioVersion = 10.0.40219.1
Project("{FAE04EC0-301F-11D3-BF4B-00C04F79EFBC}") = "LMDB.WebServices", "LMDB.WebServices\LMDB.WebServices.csproj", "{B403C8F5-7C88-4B15-A22F-D9F1581F4412}"
EndProject
Project("{FAE04EC0-301F-11D3-BF4B-00C04F79EFBC}") = "LMDB.ObjectModels", "LMDB.ObjectModels\LMDB.ObjectModels.csproj", "{FD21913B-F8ED-408A-9BCF-EC0CD7E9C861}"
EndProject
Project("{FAE04EC0-301F-11D3-BF4B-00C04F79EFBC}") = "LMDB.Core", "LMDB.Core\LMDB.Core.csproj", "{E18CC3B0-5340-4440-A1E7-F0E274B3D9EA}"
EndProject
Project("{FAE04EC0-301F-11D3-BF4B-00C04F79EFBC}") = "LMDB.CoreServices", "LMDB.Providers\LMDB.CoreServices.csproj", "{08B28705-E803-4ECB-8D42-17D4042E94D0}"
EndProject
Project("{FAE04EC0-301F-11D3-BF4B-00C04F79EFBC}") = "LMDB.ApiServices", "LMDB.ApiServices\LMDB.ApiServices.csproj", "{DF796AAE-DBB8-4840-BD88-D5FA1D177223}"
EndProject
Project("{FAE04EC0-301F-11D3-BF4B-00C04F79EFBC}") = "LMDB.DIServices", "LMDB.DIServices\LMDB.DIServices.csproj", "{0800D491-52B9-419E-A526-4E1169D562BB}"
EndProject
Project("{FAE04EC0-301F-11D3-BF4B-00C04F79EFBC}") = "LMDB.ConsoleServices", "LMDB.ConsoleServices\LMDB.ConsoleServices.csproj", "{9A9A190E-2A11-4689-9D8F-B38278C34E4C}"
EndProject
Global
	GlobalSection(SolutionConfigurationPlatforms) = preSolution
		Debug|Any CPU = Debug|Any CPU
		Release|Any CPU = Release|Any CPU
	EndGlobalSection
	GlobalSection(ProjectConfigurationPlatforms) = postSolution
		{B403C8F5-7C88-4B15-A22F-D9F1581F4412}.Debug|Any CPU.ActiveCfg = Debug|Any CPU
		{B403C8F5-7C88-4B15-A22F-D9F1581F4412}.Debug|Any CPU.Build.0 = Debug|Any CPU
		{B403C8F5-7C88-4B15-A22F-D9F1581F4412}.Release|Any CPU.ActiveCfg = Release|Any CPU
		{B403C8F5-7C88-4B15-A22F-D9F1581F4412}.Release|Any CPU.Build.0 = Release|Any CPU
		{FD21913B-F8ED-408A-9BCF-EC0CD7E9C861}.Debug|Any CPU.ActiveCfg = Debug|Any CPU
		{FD21913B-F8ED-408A-9BCF-EC0CD7E9C861}.Debug|Any CPU.Build.0 = Debug|Any CPU
		{FD21913B-F8ED-408A-9BCF-EC0CD7E9C861}.Release|Any CPU.ActiveCfg = Release|Any CPU
		{FD21913B-F8ED-408A-9BCF-EC0CD7E9C861}.Release|Any CPU.Build.0 = Release|Any CPU
		{E18CC3B0-5340-4440-A1E7-F0E274B3D9EA}.Debug|Any CPU.ActiveCfg = Debug|Any CPU
		{E18CC3B0-5340-4440-A1E7-F0E274B3D9EA}.Debug|Any CPU.Build.0 = Debug|Any CPU
		{E18CC3B0-5340-4440-A1E7-F0E274B3D9EA}.Release|Any CPU.ActiveCfg = Release|Any CPU
		{E18CC3B0-5340-4440-A1E7-F0E274B3D9EA}.Release|Any CPU.Build.0 = Release|Any CPU
		{08B28705-E803-4ECB-8D42-17D4042E94D0}.Debug|Any CPU.ActiveCfg = Debug|Any CPU
		{08B28705-E803-4ECB-8D42-17D4042E94D0}.Debug|Any CPU.Build.0 = Debug|Any CPU
		{08B28705-E803-4ECB-8D42-17D4042E94D0}.Release|Any CPU.ActiveCfg = Release|Any CPU
		{08B28705-E803-4ECB-8D42-17D4042E94D0}.Release|Any CPU.Build.0 = Release|Any CPU
		{DF796AAE-DBB8-4840-BD88-D5FA1D177223}.Debug|Any CPU.ActiveCfg = Debug|Any CPU
		{DF796AAE-DBB8-4840-BD88-D5FA1D177223}.Debug|Any CPU.Build.0 = Debug|Any CPU
		{DF796AAE-DBB8-4840-BD88-D5FA1D177223}.Release|Any CPU.ActiveCfg = Release|Any CPU
		{DF796AAE-DBB8-4840-BD88-D5FA1D177223}.Release|Any CPU.Build.0 = Release|Any CPU
		{0800D491-52B9-419E-A526-4E1169D562BB}.Debug|Any CPU.ActiveCfg = Debug|Any CPU
		{0800D491-52B9-419E-A526-4E1169D562BB}.Debug|Any CPU.Build.0 = Debug|Any CPU
		{0800D491-52B9-419E-A526-4E1169D562BB}.Release|Any CPU.ActiveCfg = Release|Any CPU
		{0800D491-52B9-419E-A526-4E1169D562BB}.Release|Any CPU.Build.0 = Release|Any CPU
		{9A9A190E-2A11-4689-9D8F-B38278C34E4C}.Debug|Any CPU.ActiveCfg = Debug|Any CPU
		{9A9A190E-2A11-4689-9D8F-B38278C34E4C}.Debug|Any CPU.Build.0 = Debug|Any CPU
		{9A9A190E-2A11-4689-9D8F-B38278C34E4C}.Release|Any CPU.ActiveCfg = Release|Any CPU
		{9A9A190E-2A11-4689-9D8F-B38278C34E4C}.Release|Any CPU.Build.0 = Release|Any CPU
	EndGlobalSection
	GlobalSection(SolutionProperties) = preSolution
		HideSolutionNode = FALSE
	EndGlobalSection
	GlobalSection(ExtensibilityGlobals) = postSolution
		SolutionGuid = {2E603F79-857C-4ED2-B908-276A3A1E374A}
	EndGlobalSection
EndGlobal
